
Microsoft Visual Studio Solution File, Format Version 12.00
# Visual Studio Version 17
VisualStudioVersion = 17.2.32630.192
MinimumVisualStudioVersion = 10.0.40219.1
Project("{FAE04EC0-301F-11D3-BF4B-00C04F79EFBC}") = "MyCalc", "MyCalc\MyCalc.csproj", "{6227F939-0B69-4350-939B-1F107BCFB821}"
EndProject
Project("{FAE04EC0-301F-11D3-BF4B-00C04F79EFBC}") = "HelloApp", "HelloApp\HelloApp.csproj", "{781C475C-75C9-495D-8B29-592472BAECBD}"
EndProject
Global
	GlobalSection(SolutionConfigurationPlatforms) = preSolution
		Debug|Any CPU = Debug|Any CPU
		Release|Any CPU = Release|Any CPU
	EndGlobalSection
	GlobalSection(ProjectConfigurationPlatforms) = postSolution
		{6227F939-0B69-4350-939B-1F107BCFB821}.Debug|Any CPU.ActiveCfg = Debug|Any CPU
		{6227F939-0B69-4350-939B-1F107BCFB821}.Debug|Any CPU.Build.0 = Debug|Any CPU
		{6227F939-0B69-4350-939B-1F107BCFB821}.Release|Any CPU.ActiveCfg = Release|Any CPU
		{6227F939-0B69-4350-939B-1F107BCFB821}.Release|Any CPU.Build.0 = Release|Any CPU
		{781C475C-75C9-495D-8B29-592472BAECBD}.Debug|Any CPU.ActiveCfg = Debug|Any CPU
		{781C475C-75C9-495D-8B29-592472BAECBD}.Debug|Any CPU.Build.0 = Debug|Any CPU
		{781C475C-75C9-495D-8B29-592472BAECBD}.Release|Any CPU.ActiveCfg = Release|Any CPU
		{781C475C-75C9-495D-8B29-592472BAECBD}.Release|Any CPU.Build.0 = Release|Any CPU
	EndGlobalSection
	GlobalSection(SolutionProperties) = preSolution
		HideSolutionNode = FALSE
	EndGlobalSection
	GlobalSection(ExtensibilityGlobals) = postSolution
		SolutionGuid = {A6510513-6E2D-4812-8F6E-C8CCBFDFF212}
	EndGlobalSection
EndGlobal
